github.com/KKKZOZ/hugo-admonitions v0.12.0 h1:x74ZrNUCrySH5JHPO2qGx+b1Mz8r+F1rBlH9qM833io=
github.com/KKKZOZ/hugo-admonitions v0.12.0/go.mod h1:4PsJAsqo3mS3VzAtDLa8k0ds+CJQUWZhAo9kLi1NRlM=
github.com/nunocoracao/blowfish/v2 v2.97.0 h1:ofFBkTQKFDnM5/XVLReuJ6KPzLQFwscEg0dYEebWXvw=
github.com/nunocoracao/blowfish/v2 v2.97.0/go.mod h1:4SkMc+Ht8gpQCwArqiHMBDP3soxi2OWuAhVney+cuyk=
